
Microsoft Visual Studio Solution File, Format Version 12.00
# Visual Studio Version 16
VisualStudioVersion = 16.0.29519.87
MinimumVisualStudioVersion = 10.0.40219.1
Project("{FAE04EC0-301F-11D3-BF4B-00C04F79EFBC}") = "ExampleDataGrid", "ExampleDataGrid\ExampleDataGrid.csproj", "{2F593188-F7E0-4AE7-A4D8-E16F3E04E901}"
EndProject
Global
	GlobalSection(SolutionConfigurationPlatforms) = preSolution
		Debug|Any CPU = Debug|Any CPU
		Release|Any CPU = Release|Any CPU
	EndGlobalSection
	GlobalSection(ProjectConfigurationPlatforms) = postSolution
		{2F593188-F7E0-4AE7-A4D8-E16F3E04E901}.Debug|Any CPU.ActiveCfg = Debug|Any CPU
		{2F593188-F7E0-4AE7-A4D8-E16F3E04E901}.Debug|Any CPU.Build.0 = Debug|Any CPU
		{2F593188-F7E0-4AE7-A4D8-E16F3E04E901}.Release|Any CPU.ActiveCfg = Release|Any CPU
		{2F593188-F7E0-4AE7-A4D8-E16F3E04E901}.Release|Any CPU.Build.0 = Release|Any CPU
	EndGlobalSection
	GlobalSection(SolutionProperties) = preSolution
		HideSolutionNode = FALSE
	EndGlobalSection
	GlobalSection(ExtensibilityGlobals) = postSolution
		SolutionGuid = {91DF88D3-2CD6-4DB4-94D6-7132F838B6C3}
	EndGlobalSection
EndGlobal
